# THIS IS AN AUTOGENERATED FILE. DO NOT EDIT THIS FILE DIRECTLY.
# yarn lockfile v1


"@types/node@^10.1.2":
  version "10.5.3"
  resolved "https://registry.yarnpkg.com/@types/node/-/node-10.5.3.tgz#5bcfaf088ad17894232012877669634c06b20cc5"
  integrity sha512-jQ1p+SyF/z8ygPxfSPKZKMWazlCgTBSyIaC1UCUvkLHDdxdmPQtQFk02X4WFM31Z1BKMAS3MSAK0cRP2c92n6Q==

debug@^3.0.0:
  version "3.1.0"
  resolved "https://registry.yarnpkg.com/debug/-/debug-3.1.0.tgz#5bb5a0672628b64149566ba16819e61518c67261"
  integrity sha512-OX8XqP7/1a9cqkxYw2yXss15f26NKWBpDXQd0/uK/KPqdQhxbPa994hnzjcE2VqQpDslf55723cKPUOGSmMY3g==
  dependencies:
    ms "2.0.0"

dotenv@^5.0.1:
  version "5.0.1"
  resolved "https://registry.yarnpkg.com/dotenv/-/dotenv-5.0.1.tgz#a5317459bd3d79ab88cff6e44057a6a3fbb1fcef"
  integrity sha512-4As8uPrjfwb7VXC+WnLCbXK7y+Ueb2B3zgNCePYfhxS1PYeaO1YTeplffTEcbfLhvFNGLAz90VvJs9yomG7bow==

micro-bot@^2.2.2:
  version "2.2.4"
  resolved "https://registry.yarnpkg.com/micro-bot/-/micro-bot-2.2.4.tgz#7d47a087ede18176368c98a8cf24c4b03d2e8900"
  integrity sha512-BX38fKqNFx4/IlRlcd43ODZ6BtuDn010l5nM78xxpmuWmTdG8wbb97BVXTaG3CMkpQFzF7wZy7AT4kkNuB6k9g==
  dependencies:
    dotenv "^5.0.1"
    minimist "^1.2.0"
    telegraf "^3.20.0"

minimist@^1.2.0:
  version "1.2.0"
  resolved "https://registry.yarnpkg.com/minimist/-/minimist-1.2.0.tgz#a35008b20f41383eec1fb914f4cd5df79a264284"
  integrity sha1-o1AIsg9BOD7sH7kU9M1d95omQoQ=

ms@2.0.0:
  version "2.0.0"
  resolved "https://registry.yarnpkg.com/ms/-/ms-2.0.0.tgz#5608aeadfc00be6c2901df5f9861788de0d597c8"
  integrity sha1-VgiurfwAvmwpAd9fmGF4jeDVl8g=

node-fetch@^2.0.0, node-fetch@^2.1.1:
  version "2.2.0"
  resolved "https://registry.yarnpkg.com/node-fetch/-/node-fetch-2.2.0.tgz#4ee79bde909262f9775f731e3656d0db55ced5b5"
  integrity sha512-OayFWziIxiHY8bCUyLX6sTpDH8Jsbp4FfYd1j1f7vZyfgkcOnAyM4oQR16f8a0s7Gl/viMGRey8eScYk4V4EZA==

sandwich-stream@^1.0.0:
  version "1.0.0"
  resolved "https://registry.yarnpkg.com/sandwich-stream/-/sandwich-stream-1.0.0.tgz#7830e45797b5933287f1f9b28f871907456262f2"
  integrity sha1-eDDkV5e1kzKH8fmyj4cZB0ViYvI=

telegraf@^3.20.0:
  version "3.22.1"
  resolved "https://registry.yarnpkg.com/telegraf/-/telegraf-3.22.1.tgz#2337a9c00359c0de749821d56944e2a5d9fcd2ee"
  integrity sha512-jZGgv+kG70WA4n7jPRgcYOD874vG6lQi8yBb5GMG+WyDoDSWDxvCrx13bp8tDQTeqrCjVdIXfFl159JubBUpWA==
  dependencies:
    "@types/node" "^10.1.2"
    debug "^3.0.0"
    node-fetch "^2.0.0"
    sandwich-stream "^1.0.0"
    telegram-typings "^3.6.0"
    typescript "^2.8.3"

telegram-typings@^3.6.0:
  version "3.6.1"
  resolved "https://registry.yarnpkg.com/telegram-typings/-/telegram-typings-3.6.1.tgz#1288d547f8694b61f1c01c2993e295f3114d9e25"
  integrity sha512-njVv1EAhIZnmQVLocZEADYUyqA1WIXuVcDYlsp+mXua/XB0pxx+PKtMSPeZ/EE4wPWTw9h/hA9ASTT6yQelkiw==

typescript@^2.8.3:
  version "2.9.2"
  resolved "https://registry.yarnpkg.com/typescript/-/typescript-2.9.2.tgz#1cbf61d05d6b96269244eb6a3bce4bd914e0f00c"
  integrity sha512-Gr4p6nFNaoufRIY4NMdpQRNmgxVIGMs4Fcu/ujdYk3nAZqk7supzBE9idmvfZIlH/Cuj//dvi+019qEue9lV0w==
